github.com/wowchemy/wowchemy-hugo-modules v0.29.1-0.20210211185922-b811f9a1bb9c h1:AKbp/+NPJ6RBUB7MufbwqzD+9R/xA0iO6d9byNcHMPg=
github.com/wowchemy/wowchemy-hugo-modules/wowchemy v0.0.0-20201230224646-25e0b0627f09 h1:5Dxk6ndnHNdqqYqVYyLPhUr/crpvj+j1ZEVPeSEqrDw=
github.com/wowchemy/wowchemy-hugo-modules/wowchemy v0.0.0-20201230224646-25e0b0627f09/go.mod h1:H22qfH9qj3FWwsk7+bAZpmT24yRGNQURah2/IRwjbn8=
github.com/wowchemy/wowchemy-hugo-modules/wowchemy v0.0.0-20210126214637-64b7d5189bb3 h1:fl7/z41Hzo7JF9HuE7FfExig9AtfpNkyUAdsXX07R2g=
github.com/wowchemy/wowchemy-hugo-modules/wowchemy v0.0.0-20210126214637-64b7d5189bb3/go.mod h1:H22qfH9qj3FWwsk7+bAZpmT24yRGNQURah2/IRwjbn8=
github.com/wowchemy/wowchemy-hugo-modules/wowchemy v0.0.0-20210211185922-b811f9a1bb9c h1:rcd9H2OHyw3xiu2H140g22AUvYZPBfvynAyTfubpvg4=
github.com/wowchemy/wowchemy-hugo-modules/wowchemy v0.0.0-20210211185922-b811f9a1bb9c/go.mod h1:H22qfH9qj3FWwsk7+bAZpmT24yRGNQURah2/IRwjbn8=
github.com/wowchemy/wowchemy-hugo-modules/wowchemy v0.0.0-20210217211512-0fd5d2a250b1 h1:Z3frd61m+2QAewpIWe9SXX19qUw2yGzqZe7jfC01iYc=
github.com/wowchemy/wowchemy-hugo-modules/wowchemy v0.0.0-20210217211512-0fd5d2a250b1/go.mod h1:H22qfH9qj3FWwsk7+bAZpmT24yRGNQURah2/IRwjbn8=
github.com/wowchemy/wowchemy-hugo-modules/wowchemy-cms v0.0.0-20210211185922-b811f9a1bb9c h1:a5+8Lgpcomdgpz9pPDhKQ53RMbNkKmifQ3hNrYWA0dg=
github.com/wowchemy/wowchemy-hugo-modules/wowchemy-cms v0.0.0-20210211185922-b811f9a1bb9c/go.mod h1:AKpYbqUVlj0VYsc7Jsxe1o8Ko2yV31A5ZPdfpACcXJw=
